
Microsoft Visual Studio Solution File, Format Version 12.00
# Visual Studio Version 16
VisualStudioVersion = 16.0.29411.108
MinimumVisualStudioVersion = 10.0.40219.1
Project("{9A19103F-16F7-4668-BE54-9A1E7A4F7556}") = "RefactoringLab", "RefactoringLab\RefactoringLab.csproj", "{634AE41F-69A2-4B55-A555-6BAF207A72E7}"
EndProject
Project("{9A19103F-16F7-4668-BE54-9A1E7A4F7556}") = "RefactoringLabTest", "RefactoringLabTest\RefactoringLabTest.csproj", "{8CFB4FC5-A5E1-4EB0-AC40-E6D30F4F45CE}"
EndProject
Global
	GlobalSection(SolutionConfigurationPlatforms) = preSolution
		Debug|Any CPU = Debug|Any CPU
		Release|Any CPU = Release|Any CPU
	EndGlobalSection
	GlobalSection(ProjectConfigurationPlatforms) = postSolution
		{634AE41F-69A2-4B55-A555-6BAF207A72E7}.Debug|Any CPU.ActiveCfg = Debug|Any CPU
		{634AE41F-69A2-4B55-A555-6BAF207A72E7}.Debug|Any CPU.Build.0 = Debug|Any CPU
		{634AE41F-69A2-4B55-A555-6BAF207A72E7}.Release|Any CPU.ActiveCfg = Release|Any CPU
		{634AE41F-69A2-4B55-A555-6BAF207A72E7}.Release|Any CPU.Build.0 = Release|Any CPU
		{8CFB4FC5-A5E1-4EB0-AC40-E6D30F4F45CE}.Debug|Any CPU.ActiveCfg = Debug|Any CPU
		{8CFB4FC5-A5E1-4EB0-AC40-E6D30F4F45CE}.Debug|Any CPU.Build.0 = Debug|Any CPU
		{8CFB4FC5-A5E1-4EB0-AC40-E6D30F4F45CE}.Release|Any CPU.ActiveCfg = Release|Any CPU
		{8CFB4FC5-A5E1-4EB0-AC40-E6D30F4F45CE}.Release|Any CPU.Build.0 = Release|Any CPU
	EndGlobalSection
	GlobalSection(SolutionProperties) = preSolution
		HideSolutionNode = FALSE
	EndGlobalSection
	GlobalSection(ExtensibilityGlobals) = postSolution
		SolutionGuid = {64228B9F-5B82-4653-87B7-5F8B8FDBB063}
	EndGlobalSection
EndGlobal
